lockfileVersion: '9.0'

settings:
  autoInstallPeers: true
  excludeLinksFromLockfile: false

importers:

  .:
    devDependencies:
      '@rollup/plugin-commonjs':
        specifier: ^25.0.7
        version: 25.0.8(rollup@4.44.1)
      '@rollup/plugin-node-resolve':
        specifier: ^15.2.3
        version: 15.3.1(rollup@4.44.1)
      '@rollup/plugin-typescript':
        specifier: ^11.1.6
        version: 11.1.6(rollup@4.44.1)(tslib@2.8.1)(typescript@5.8.3)
      '@types/node':
        specifier: ^20.14.9
        version: 20.19.4
      obsidian:
        specifier: ^1.5.12
        version: 1.8.7(@codemirror/state@6.5.2)(@codemirror/view@6.38.0)
      rollup:
        specifier: ^4.18.0
        version: 4.44.1
      tslib:
        specifier: ^2.6.3
        version: 2.8.1
      typescript:
        specifier: ^5.5.2
        version: 5.8.3

packages:

  '@codemirror/state@6.5.2':
    resolution: {integrity: sha512-FVqsPqtPWKVVL3dPSxy8wEF/ymIEuVzF1PK3VbUgrxXpJUSHQWWZz4JMToquRxnkw+36LTamCZG2iua2Ptq0fA==}

  '@codemirror/view@6.38.0':
    resolution: {integrity: sha512-yvSchUwHOdupXkd7xJ0ob36jdsSR/I+/C+VbY0ffBiL5NiSTEBDfB1ZGWbbIlDd5xgdUkody+lukAdOxYrOBeg==}

  '@jridgewell/sourcemap-codec@1.5.4':
    resolution: {integrity: sha512-VT2+G1VQs/9oz078bLrYbecdZKs912zQlkelYpuf+SXF+QvZDYJlbx/LSx+meSAwdDFnF8FVXW92AVjjkVmgFw==}

  '@marijn/find-cluster-break@1.0.2':
    resolution: {integrity: sha512-l0h88YhZFyKdXIFNfSWpyjStDjGHwZ/U7iobcK1cQQD8sejsONdQtTVU+1wVN1PBw40PiiHB1vA5S7VTfQiP9g==}

  '@rollup/plugin-commonjs@25.0.8':
    resolution: {integrity: sha512-ZEZWTK5n6Qde0to4vS9Mr5x/0UZoqCxPVR9KRUjU4kA2sO7GEUn1fop0DAwpO6z0Nw/kJON9bDmSxdWxO/TT1A==}
    engines: {node: '>=14.0.0'}
    peerDependencies:
      rollup: ^2.68.0||^3.0.0||^4.0.0
    peerDependenciesMeta:
      rollup:
        optional: true

  '@rollup/plugin-node-resolve@15.3.1':
    resolution: {integrity: sha512-tgg6b91pAybXHJQMAAwW9VuWBO6Thi+q7BCNARLwSqlmsHz0XYURtGvh/AuwSADXSI4h/2uHbs7s4FzlZDGSGA==}
    engines: {node: '>=14.0.0'}
    peerDependencies:
      rollup: ^2.78.0||^3.0.0||^4.0.0
    peerDependenciesMeta:
      rollup:
        optional: true

  '@rollup/plugin-typescript@11.1.6':
    resolution: {integrity: sha512-R92yOmIACgYdJ7dJ97p4K69I8gg6IEHt8M7dUBxN3W6nrO8uUxX5ixl0yU/N3aZTi8WhPuICvOHXQvF6FaykAA==}
    engines: {node: '>=14.0.0'}
    peerDependencies:
      rollup: ^2.14.0||^3.0.0||^4.0.0
      tslib: '*'
      typescript: '>=3.7.0'
    peerDependenciesMeta:
      rollup:
        optional: true
      tslib:
        optional: true

  '@rollup/pluginutils@5.2.0':
    resolution: {integrity: sha512-qWJ2ZTbmumwiLFomfzTyt5Kng4hwPi9rwCYN4SHb6eaRU1KNO4ccxINHr/VhH4GgPlt1XfSTLX2LBTme8ne4Zw==}
    engines: {node: '>=14.0.0'}
    peerDependencies:
      rollup: ^1.20.0||^2.0.0||^3.0.0||^4.0.0
    peerDependenciesMeta:
      rollup:
        optional: true

  '@rollup/rollup-android-arm-eabi@4.44.1':
    resolution: {integrity: sha512-JAcBr1+fgqx20m7Fwe1DxPUl/hPkee6jA6Pl7n1v2EFiktAHenTaXl5aIFjUIEsfn9w3HE4gK1lEgNGMzBDs1w==}
    cpu: [arm]
    os: [android]

  '@rollup/rollup-android-arm64@4.44.1':
    resolution: {integrity: sha512-RurZetXqTu4p+G0ChbnkwBuAtwAbIwJkycw1n6GvlGlBuS4u5qlr5opix8cBAYFJgaY05TWtM+LaoFggUmbZEQ==}
    cpu: [arm64]
    os: [android]

  '@rollup/rollup-darwin-arm64@4.44.1':
    resolution: {integrity: sha512-fM/xPesi7g2M7chk37LOnmnSTHLG/v2ggWqKj3CCA1rMA4mm5KVBT1fNoswbo1JhPuNNZrVwpTvlCVggv8A2zg==}
    cpu: [arm64]
    os: [darwin]

  '@rollup/rollup-darwin-x64@4.44.1':
    resolution: {integrity: sha512-gDnWk57urJrkrHQ2WVx9TSVTH7lSlU7E3AFqiko+bgjlh78aJ88/3nycMax52VIVjIm3ObXnDL2H00e/xzoipw==}
    cpu: [x64]
    os: [darwin]

  '@rollup/rollup-freebsd-arm64@4.44.1':
    resolution: {integrity: sha512-wnFQmJ/zPThM5zEGcnDcCJeYJgtSLjh1d//WuHzhf6zT3Md1BvvhJnWoy+HECKu2bMxaIcfWiu3bJgx6z4g2XA==}
    cpu: [arm64]
    os: [freebsd]

  '@rollup/rollup-freebsd-x64@4.44.1':
    resolution: {integrity: sha512-uBmIxoJ4493YATvU2c0upGz87f99e3wop7TJgOA/bXMFd2SvKCI7xkxY/5k50bv7J6dw1SXT4MQBQSLn8Bb/Uw==}
    cpu: [x64]
    os: [freebsd]

  '@rollup/rollup-linux-arm-gnueabihf@4.44.1':
    resolution: {integrity: sha512-n0edDmSHlXFhrlmTK7XBuwKlG5MbS7yleS1cQ9nn4kIeW+dJH+ExqNgQ0RrFRew8Y+0V/x6C5IjsHrJmiHtkxQ==}
    cpu: [arm]
    os: [linux]

  '@rollup/rollup-linux-arm-musleabihf@4.44.1':
    resolution: {integrity: sha512-8WVUPy3FtAsKSpyk21kV52HCxB+me6YkbkFHATzC2Yd3yuqHwy2lbFL4alJOLXKljoRw08Zk8/xEj89cLQ/4Nw==}
    cpu: [arm]
    os: [linux]

  '@rollup/rollup-linux-arm64-gnu@4.44.1':
    resolution: {integrity: sha512-yuktAOaeOgorWDeFJggjuCkMGeITfqvPgkIXhDqsfKX8J3jGyxdDZgBV/2kj/2DyPaLiX6bPdjJDTu9RB8lUPQ==}
    cpu: [arm64]
    os: [linux]

  '@rollup/rollup-linux-arm64-musl@4.44.1':
    resolution: {integrity: sha512-W+GBM4ifET1Plw8pdVaecwUgxmiH23CfAUj32u8knq0JPFyK4weRy6H7ooxYFD19YxBulL0Ktsflg5XS7+7u9g==}
    cpu: [arm64]
    os: [linux]

  '@rollup/rollup-linux-loongarch64-gnu@4.44.1':
    resolution: {integrity: sha512-1zqnUEMWp9WrGVuVak6jWTl4fEtrVKfZY7CvcBmUUpxAJ7WcSowPSAWIKa/0o5mBL/Ij50SIf9tuirGx63Ovew==}
    cpu: [loong64]
    os: [linux]

  '@rollup/rollup-linux-powerpc64le-gnu@4.44.1':
    resolution: {integrity: sha512-Rl3JKaRu0LHIx7ExBAAnf0JcOQetQffaw34T8vLlg9b1IhzcBgaIdnvEbbsZq9uZp3uAH+JkHd20Nwn0h9zPjA==}
    cpu: [ppc64]
    os: [linux]

  '@rollup/rollup-linux-riscv64-gnu@4.44.1':
    resolution: {integrity: sha512-j5akelU3snyL6K3N/iX7otLBIl347fGwmd95U5gS/7z6T4ftK288jKq3A5lcFKcx7wwzb5rgNvAg3ZbV4BqUSw==}
    cpu: [riscv64]
    os: [linux]

  '@rollup/rollup-linux-riscv64-musl@4.44.1':
    resolution: {integrity: sha512-ppn5llVGgrZw7yxbIm8TTvtj1EoPgYUAbfw0uDjIOzzoqlZlZrLJ/KuiE7uf5EpTpCTrNt1EdtzF0naMm0wGYg==}
    cpu: [riscv64]
    os: [linux]

  '@rollup/rollup-linux-s390x-gnu@4.44.1':
    resolution: {integrity: sha512-Hu6hEdix0oxtUma99jSP7xbvjkUM/ycke/AQQ4EC5g7jNRLLIwjcNwaUy95ZKBJJwg1ZowsclNnjYqzN4zwkAw==}
    cpu: [s390x]
    os: [linux]

  '@rollup/rollup-linux-x64-gnu@4.44.1':
    resolution: {integrity: sha512-EtnsrmZGomz9WxK1bR5079zee3+7a+AdFlghyd6VbAjgRJDbTANJ9dcPIPAi76uG05micpEL+gPGmAKYTschQw==}
    cpu: [x64]
    os: [linux]

  '@rollup/rollup-linux-x64-musl@4.44.1':
    resolution: {integrity: sha512-iAS4p+J1az6Usn0f8xhgL4PaU878KEtutP4hqw52I4IO6AGoyOkHCxcc4bqufv1tQLdDWFx8lR9YlwxKuv3/3g==}
    cpu: [x64]
    os: [linux]

  '@rollup/rollup-win32-arm64-msvc@4.44.1':
    resolution: {integrity: sha512-NtSJVKcXwcqozOl+FwI41OH3OApDyLk3kqTJgx8+gp6On9ZEt5mYhIsKNPGuaZr3p9T6NWPKGU/03Vw4CNU9qg==}
    cpu: [arm64]
    os: [win32]

  '@rollup/rollup-win32-ia32-msvc@4.44.1':
    resolution: {integrity: sha512-JYA3qvCOLXSsnTR3oiyGws1Dm0YTuxAAeaYGVlGpUsHqloPcFjPg+X0Fj2qODGLNwQOAcCiQmHub/V007kiH5A==}
    cpu: [ia32]
    os: [win32]

  '@rollup/rollup-win32-x64-msvc@4.44.1':
    resolution: {integrity: sha512-J8o22LuF0kTe7m+8PvW9wk3/bRq5+mRo5Dqo6+vXb7otCm3TPhYOJqOaQtGU9YMWQSL3krMnoOxMr0+9E6F3Ug==}
    cpu: [x64]
    os: [win32]

  '@types/codemirror@5.60.8':
    resolution: {integrity: sha512-VjFgDF/eB+Aklcy15TtOTLQeMjTo07k7KAjql8OK5Dirr7a6sJY4T1uVBDuTVG9VEmn1uUsohOpYnVfgC6/jyw==}

  '@types/estree@1.0.8':
    resolution: {integrity: sha512-dWHzHa2WqEXI/O1E9OjrocMTKJl2mSrEolh1Iomrv6U+JuNwaHXsXx9bLu5gG7BUWFIN0skIQJQ/L1rIex4X6w==}

  '@types/node@20.19.4':
    resolution: {integrity: sha512-OP+We5WV8Xnbuvw0zC2m4qfB/BJvjyCwtNjhHdJxV1639SGSKrLmJkc3fMnp2Qy8nJyHp8RO6umxELN/dS1/EA==}

  '@types/resolve@1.20.2':
    resolution: {integrity: sha512-60BCwRFOZCQhDncwQdxxeOEEkbc5dIMccYLwbxsS4TUNeVECQ/pBJ0j09mrHOl/JJvpRPGwO9SvE4nR2Nb/a4Q==}

  '@types/tern@0.23.9':
    resolution: {integrity: sha512-ypzHFE/wBzh+BlH6rrBgS5I/Z7RD21pGhZ2rltb/+ZrVM1awdZwjx7hE5XfuYgHWk9uvV5HLZN3SloevCAp3Bw==}

  balanced-match@1.0.2:
    resolution: {integrity: sha512-3oSeUO0TMV67hN1AmbXsK4yaqU7tjiHlbxRDZOpH0KW9+CeX4bRAaX0Anxt0tx2MrpRpWwQaPwIlISEJhYU5Pw==}

  brace-expansion@2.0.2:
    resolution: {integrity: sha512-Jt0vHyM+jmUBqojB7E1NIYadt0vI0Qxjxd2TErW94wDz+E2LAm5vKMXXwg6ZZBTHPuUlDgQHKXvjGBdfcF1ZDQ==}

  commondir@1.0.1:
    resolution: {integrity: sha512-W9pAhw0ja1Edb5GVdIF1mjZw/ASI0AlShXM83UUGe2DVr5TdAPEA1OA8m/g8zWp9x6On7gqufY+FatDbC3MDQg==}

  crelt@1.0.6:
    resolution: {integrity: sha512-VQ2MBenTq1fWZUH9DJNGti7kKv6EeAuYr3cLwxUWhIu1baTaXh4Ib5W2CqHVqib4/MqbYGJqiL3Zb8GJZr3l4g==}

  deepmerge@4.3.1:
    resolution: {integrity: sha512-3sUqbMEc77XqpdNO7FRyRog+eW3ph+GYCbj+rK+uYyRMuwsVy0rMiVtPn+QJlKFvWP/1PYpapqYn0Me2knFn+A==}
    engines: {node: '>=0.10.0'}

  estree-walker@2.0.2:
    resolution: {integrity: sha512-Rfkk/Mp/DL7JVje3u18FxFujQlTNR2q6QfMSMB7AvCBx91NGj/ba3kCfza0f6dVDbw7YlRf/nDrn7pQrCCyQ/w==}

  fs.realpath@1.0.0:
    resolution: {integrity: sha512-OO0pH2lK6a0hZnAdau5ItzHPI6pUlvI7jMVnxUQRtw4owF2wk8lOSabtGDCTP4Ggrg2MbGnWO9X8K1t4+fGMDw==}

  fsevents@2.3.3:
    resolution: {integrity: sha512-5xoDfX+fL7faATnagmWPpbFtwh/R77WmMMqqHGS65C3vvB0YHrgF+B1YmZ3441tMj5n63k0212XNoJwzlhffQw==}
    engines: {node: ^8.16.0 || ^10.6.0 || >=11.0.0}
    os: [darwin]

  function-bind@1.1.2:
    resolution: {integrity: sha512-7XHNxH7qX9xG5mIwxkhumTox/MIRNcOgDrxWsMt2pAr23WHp6MrRlN7FBSFpCpr+oVO0F744iUgR82nJMfG2SA==}

  glob@8.1.0:
    resolution: {integrity: sha512-r8hpEjiQEYlF2QU0df3dS+nxxSIreXQS1qRhMJM0Q5NDdR386C7jb7Hwwod8Fgiuex+k0GFjgft18yvxm5XoCQ==}
    engines: {node: '>=12'}
    deprecated: Glob versions prior to v9 are no longer supported

  hasown@2.0.2:
    resolution: {integrity: sha512-0hJU9SCPvmMzIBdZFqNPXWa6dqh7WdH0cII9y+CyS8rG3nL48Bclra9HmKhVVUHyPWNH5Y7xDwAB7bfgSjkUMQ==}
    engines: {node: '>= 0.4'}

  inflight@1.0.6:
    resolution: {integrity: sha512-k92I/b08q4wvFscXCLvqfsHCrjrF7yiXsQuIVvVE7N82W3+aqpzuUdBbfhWcy/FZR3/4IgflMgKLOsvPDrGCJA==}
    deprecated: This module is not supported, and leaks memory. Do not use it. Check out lru-cache if you want a good and tested way to coalesce async requests by a key value, which is much more comprehensive and powerful.

  inherits@2.0.4:
    resolution: {integrity: sha512-k/vGaX4/Yla3WzyMCvTQOXYeIHvqOKtnqBduzTHpzpQZzAskKMhZ2K+EnBiSM9zGSoIFeMpXKxa4dYeZIQqewQ==}

  is-core-module@2.16.1:
    resolution: {integrity: sha512-UfoeMA6fIJ8wTYFEUjelnaGI67v6+N7qXJEvQuIGa99l4xsCruSYOVSQ0uPANn4dAzm8lkYPaKLrrijLq7x23w==}
    engines: {node: '>= 0.4'}

  is-module@1.0.0:
    resolution: {integrity: sha512-51ypPSPCoTEIN9dy5Oy+h4pShgJmPCygKfyRCISBI+JoWT/2oJvK8QPxmwv7b/p239jXrm9M1mlQbyKJ5A152g==}

  is-reference@1.2.1:
    resolution: {integrity: sha512-U82MsXXiFIrjCK4otLT+o2NA2Cd2g5MLoOVXUZjIOhLurrRxpEXzI8O0KZHr3IjLvlAH1kTPYSuqer5T9ZVBKQ==}

  magic-string@0.30.17:
    resolution: {integrity: sha512-sNPKHvyjVf7gyjwS4xGTaW/mCnF8wnjtifKBEhxfZ7E/S8tQ0rssrwGNn6q8JH/ohItJfSQp9mBtQYuTlH5QnA==}

  minimatch@5.1.6:
    resolution: {integrity: sha512-lKwV/1brpG6mBUFHtb7NUmtABCb2WZZmm2wNiOA5hAb8VdCS4B3dtMWyvcoViccwAW/COERjXLt0zP1zXUN26g==}
    engines: {node: '>=10'}

  moment@2.29.4:
    resolution: {integrity: sha512-5LC9SOxjSc2HF6vO2CyuTDNivEdoz2IvyJJGj6X8DJ0eFyfszE0QiEd+iXmBvUP3WHxSjFH/vIsA0EN00cgr8w==}

  obsidian@1.8.7:
    resolution: {integrity: sha512-h4bWwNFAGRXlMlMAzdEiIM2ppTGlrh7uGOJS6w4gClrsjc+ei/3YAtU2VdFUlCiPuTHpY4aBpFJJW75S1Tl/JA==}
    peerDependencies:
      '@codemirror/state': ^6.0.0
      '@codemirror/view': ^6.0.0

  once@1.4.0:
    resolution: {integrity: sha512-lNaJgI+2Q5URQBkccEKHTQOPaXdUxnZZElQTZY0MFUAuaEqe1E+Nyvgdz/aIyNi6Z9MzO5dv1H8n58/GELp3+w==}

  path-parse@1.0.7:
    resolution: {integrity: sha512-LDJzPVEEEPR+y48z93A0Ed0yXb8pAByGWo/k5YYdYgpY2/2EsOsksJrq7lOHxryrVOn1ejG6oAp8ahvOIQD8sw==}

  picomatch@4.0.2:
    resolution: {integrity: sha512-M7BAV6Rlcy5u+m6oPhAPFgJTzAioX/6B0DxyvDlo9l8+T3nLKbrczg2WLUyzd45L8RqfUMyGPzekbMvX2Ldkwg==}
    engines: {node: '>=12'}

  resolve@1.22.10:
    resolution: {integrity: sha512-NPRy+/ncIMeDlTAsuqwKIiferiawhefFJtkNSW0qZJEqMEb+qBt/77B/jGeeek+F0uOeN05CDa6HXbbIgtVX4w==}
    engines: {node: '>= 0.4'}
    hasBin: true

  rollup@4.44.1:
    resolution: {integrity: sha512-x8H8aPvD+xbl0Do8oez5f5o8eMS3trfCghc4HhLAnCkj7Vl0d1JWGs0UF/D886zLW2rOj2QymV/JcSSsw+XDNg==}
    engines: {node: '>=18.0.0', npm: '>=8.0.0'}
    hasBin: true

  style-mod@4.1.2:
    resolution: {integrity: sha512-wnD1HyVqpJUI2+eKZ+eo1UwghftP6yuFheBqqe+bWCotBjC2K1YnteJILRMs3SM4V/0dLEW1SC27MWP5y+mwmw==}

  supports-preserve-symlinks-flag@1.0.0:
    resolution: {integrity: sha512-ot0WnXS9fgdkgIcePe6RHNk1WA8+muPa6cSjeR3V8K27q9BB1rTE3R1p7Hv0z1ZyAc8s6Vvv8DIyWf681MAt0w==}
    engines: {node: '>= 0.4'}

  tslib@2.8.1:
    resolution: {integrity: sha512-oJFu94HQb+KVduSUQL7wnpmqnfmLsOA/nAh6b6EH0wCEoK0/mPeXU6c3wKDV83MkOuHPRHtSXKKU99IBazS/2w==}

  typescript@5.8.3:
    resolution: {integrity: sha512-p1diW6TqL9L07nNxvRMM7hMMw4c5XOo/1ibL4aAIGmSAt9slTE1Xgw5KWuof2uTOvCg9BY7ZRi+GaF+7sfgPeQ==}
    engines: {node: '>=14.17'}
    hasBin: true

  undici-types@6.21.0:
    resolution: {integrity: sha512-iwDZqg0QAGrg9Rav5H4n0M64c3mkR59cJ6wQp+7C4nI0gsmExaedaYLNO44eT4AtBBwjbTiGPMlt2Md0T9H9JQ==}

  w3c-keyname@2.2.8:
    resolution: {integrity: sha512-dpojBhNsCNN7T82Tm7k26A6G9ML3NkhDsnw9n/eoxSRlVBB4CEtIQ/KTCLI2Fwf3ataSXRhYFkQi3SlnFwPvPQ==}

  wrappy@1.0.2:
    resolution: {integrity: sha512-l4Sp/DRseor9wL6EvV2+TuQn63dMkPjZ/sp9XkghTEbV9KlPS1xUsZ3u7/IQO4wxtcFB4bgpQPRcR3QCvezPcQ==}

snapshots:

  '@codemirror/state@6.5.2':
    dependencies:
      '@marijn/find-cluster-break': 1.0.2

  '@codemirror/view@6.38.0':
    dependencies:
      '@codemirror/state': 6.5.2
      crelt: 1.0.6
      style-mod: 4.1.2
      w3c-keyname: 2.2.8

  '@jridgewell/sourcemap-codec@1.5.4': {}

  '@marijn/find-cluster-break@1.0.2': {}

  '@rollup/plugin-commonjs@25.0.8(rollup@4.44.1)':
    dependencies:
      '@rollup/pluginutils': 5.2.0(rollup@4.44.1)
      commondir: 1.0.1
      estree-walker: 2.0.2
      glob: 8.1.0
      is-reference: 1.2.1
      magic-string: 0.30.17
    optionalDependencies:
      rollup: 4.44.1

  '@rollup/plugin-node-resolve@15.3.1(rollup@4.44.1)':
    dependencies:
      '@rollup/pluginutils': 5.2.0(rollup@4.44.1)
      '@types/resolve': 1.20.2
      deepmerge: 4.3.1
      is-module: 1.0.0
      resolve: 1.22.10
    optionalDependencies:
      rollup: 4.44.1

  '@rollup/plugin-typescript@11.1.6(rollup@4.44.1)(tslib@2.8.1)(typescript@5.8.3)':
    dependencies:
      '@rollup/pluginutils': 5.2.0(rollup@4.44.1)
      resolve: 1.22.10
      typescript: 5.8.3
    optionalDependencies:
      rollup: 4.44.1
      tslib: 2.8.1

  '@rollup/pluginutils@5.2.0(rollup@4.44.1)':
    dependencies:
      '@types/estree': 1.0.8
      estree-walker: 2.0.2
      picomatch: 4.0.2
    optionalDependencies:
      rollup: 4.44.1

  '@rollup/rollup-android-arm-eabi@4.44.1':
    optional: true

  '@rollup/rollup-android-arm64@4.44.1':
    optional: true

  '@rollup/rollup-darwin-arm64@4.44.1':
    optional: true

  '@rollup/rollup-darwin-x64@4.44.1':
    optional: true

  '@rollup/rollup-freebsd-arm64@4.44.1':
    optional: true

  '@rollup/rollup-freebsd-x64@4.44.1':
    optional: true

  '@rollup/rollup-linux-arm-gnueabihf@4.44.1':
    optional: true

  '@rollup/rollup-linux-arm-musleabihf@4.44.1':
    optional: true

  '@rollup/rollup-linux-arm64-gnu@4.44.1':
    optional: true

  '@rollup/rollup-linux-arm64-musl@4.44.1':
    optional: true

  '@rollup/rollup-linux-loongarch64-gnu@4.44.1':
    optional: true

  '@rollup/rollup-linux-powerpc64le-gnu@4.44.1':
    optional: true

  '@rollup/rollup-linux-riscv64-gnu@4.44.1':
    optional: true

  '@rollup/rollup-linux-riscv64-musl@4.44.1':
    optional: true

  '@rollup/rollup-linux-s390x-gnu@4.44.1':
    optional: true

  '@rollup/rollup-linux-x64-gnu@4.44.1':
    optional: true

  '@rollup/rollup-linux-x64-musl@4.44.1':
    optional: true

  '@rollup/rollup-win32-arm64-msvc@4.44.1':
    optional: true

  '@rollup/rollup-win32-ia32-msvc@4.44.1':
    optional: true

  '@rollup/rollup-win32-x64-msvc@4.44.1':
    optional: true

  '@types/codemirror@5.60.8':
    dependencies:
      '@types/tern': 0.23.9

  '@types/estree@1.0.8': {}

  '@types/node@20.19.4':
    dependencies:
      undici-types: 6.21.0

  '@types/resolve@1.20.2': {}

  '@types/tern@0.23.9':
    dependencies:
      '@types/estree': 1.0.8

  balanced-match@1.0.2: {}

  brace-expansion@2.0.2:
    dependencies:
      balanced-match: 1.0.2

  commondir@1.0.1: {}

  crelt@1.0.6: {}

  deepmerge@4.3.1: {}

  estree-walker@2.0.2: {}

  fs.realpath@1.0.0: {}

  fsevents@2.3.3:
    optional: true

  function-bind@1.1.2: {}

  glob@8.1.0:
    dependencies:
      fs.realpath: 1.0.0
      inflight: 1.0.6
      inherits: 2.0.4
      minimatch: 5.1.6
      once: 1.4.0

  hasown@2.0.2:
    dependencies:
      function-bind: 1.1.2

  inflight@1.0.6:
    dependencies:
      once: 1.4.0
      wrappy: 1.0.2

  inherits@2.0.4: {}

  is-core-module@2.16.1:
    dependencies:
      hasown: 2.0.2

  is-module@1.0.0: {}

  is-reference@1.2.1:
    dependencies:
      '@types/estree': 1.0.8

  magic-string@0.30.17:
    dependencies:
      '@jridgewell/sourcemap-codec': 1.5.4

  minimatch@5.1.6:
    dependencies:
      brace-expansion: 2.0.2

  moment@2.29.4: {}

  obsidian@1.8.7(@codemirror/state@6.5.2)(@codemirror/view@6.38.0):
    dependencies:
      '@codemirror/state': 6.5.2
      '@codemirror/view': 6.38.0
      '@types/codemirror': 5.60.8
      moment: 2.29.4

  once@1.4.0:
    dependencies:
      wrappy: 1.0.2

  path-parse@1.0.7: {}

  picomatch@4.0.2: {}

  resolve@1.22.10:
    dependencies:
      is-core-module: 2.16.1
      path-parse: 1.0.7
      supports-preserve-symlinks-flag: 1.0.0

  rollup@4.44.1:
    dependencies:
      '@types/estree': 1.0.8
    optionalDependencies:
      '@rollup/rollup-android-arm-eabi': 4.44.1
      '@rollup/rollup-android-arm64': 4.44.1
      '@rollup/rollup-darwin-arm64': 4.44.1
      '@rollup/rollup-darwin-x64': 4.44.1
      '@rollup/rollup-freebsd-arm64': 4.44.1
      '@rollup/rollup-freebsd-x64': 4.44.1
      '@rollup/rollup-linux-arm-gnueabihf': 4.44.1
      '@rollup/rollup-linux-arm-musleabihf': 4.44.1
      '@rollup/rollup-linux-arm64-gnu': 4.44.1
      '@rollup/rollup-linux-arm64-musl': 4.44.1
      '@rollup/rollup-linux-loongarch64-gnu': 4.44.1
      '@rollup/rollup-linux-powerpc64le-gnu': 4.44.1
      '@rollup/rollup-linux-riscv64-gnu': 4.44.1
      '@rollup/rollup-linux-riscv64-musl': 4.44.1
      '@rollup/rollup-linux-s390x-gnu': 4.44.1
      '@rollup/rollup-linux-x64-gnu': 4.44.1
      '@rollup/rollup-linux-x64-musl': 4.44.1
      '@rollup/rollup-win32-arm64-msvc': 4.44.1
      '@rollup/rollup-win32-ia32-msvc': 4.44.1
      '@rollup/rollup-win32-x64-msvc': 4.44.1
      fsevents: 2.3.3

  style-mod@4.1.2: {}

  supports-preserve-symlinks-flag@1.0.0: {}

  tslib@2.8.1: {}

  typescript@5.8.3: {}

  undici-types@6.21.0: {}

  w3c-keyname@2.2.8: {}

  wrappy@1.0.2: {}
